// !$*UTF8*$!
{
	archiveVersion = 1;
	classes = {
	};
	objectVersion = 55;
	objects = {

/* Begin PBXBuildFile section */
		1A2A4355D5F22F64AA5B6508 /* Pods_Lalafo.framework in Frameworks */ = {isa = PBXBuildFile; fileRef = 487EF84871523F4470262528 /* Pods_Lalafo.framework */; };
		601495E228CD9F180060A73C /* Extension.swift in Sources */ = {isa = PBXBuildFile; fileRef = 601495E128CD9F180060A73C /* Extension.swift */; };
		601495E528CF23EC0060A73C /* CategoryCell.swift in Sources */ = {isa = PBXBuildFile; fileRef = 601495E428CF23EC0060A73C /* CategoryCell.swift */; };
		601495E828CF31F80060A73C /* ProductCell.swift in Sources */ = {isa = PBXBuildFile; fileRef = 601495E728CF31F80060A73C /* ProductCell.swift */; };
		60DEB8F428CCF1260003D26C /* HomePresenter.swift in Sources */ = {isa = PBXBuildFile; fileRef = 60DEB8F328CCF1260003D26C /* HomePresenter.swift */; };
		60DEB8F628CCF1330003D26C /* HomeRouter.swift in Sources */ = {isa = PBXBuildFile; fileRef = 60DEB8F528CCF1330003D26C /* HomeRouter.swift */; };
		60DEB8F828CCF1580003D26C /* HomeBuilder.swift in Sources */ = {isa = PBXBuildFile; fileRef = 60DEB8F728CCF1580003D26C /* HomeBuilder.swift */; };
		60DEB8FB28CCF29C0003D26C /* DetailVC.swift in Sources */ = {isa = PBXBuildFile; fileRef = 60DEB8FA28CCF29C0003D26C /* DetailVC.swift */; };
		60DEB8FD28CCF2CC0003D26C /* DetailPresenter.swift in Sources */ = {isa = PBXBuildFile; fileRef = 60DEB8FC28CCF2CC0003D26C /* DetailPresenter.swift */; };
		60DEB8FF28CCF2D30003D26C /* DetailBuilder.swift in Sources */ = {isa = PBXBuildFile; fileRef = 60DEB8FE28CCF2D20003D26C /* DetailBuilder.swift */; };
		60DEB90128CCF2DA0003D26C /* DetailRouter.swift in Sources */ = {isa = PBXBuildFile; fileRef = 60DEB90028CCF2DA0003D26C /* DetailRouter.swift */; };
		60DEB90428CCF3A90003D26C /* CartVC.swift in Sources */ = {isa = PBXBuildFile; fileRef = 60DEB90328CCF3A90003D26C /* CartVC.swift */; };
		60DEB90628CCF3E50003D26C /* CartPresenter.swift in Sources */ = {isa = PBXBuildFile; fileRef = 60DEB90528CCF3E50003D26C /* CartPresenter.swift */; };
		60DEB90828CCF41D0003D26C /* CartRouter.swift in Sources */ = {isa = PBXBuildFile; fileRef = 60DEB90728CCF41D0003D26C /* CartRouter.swift */; };
		60DEB90C28CCF43F0003D26C /* CartBuilder.swift in Sources */ = {isa = PBXBuildFile; fileRef = 60DEB90B28CCF43F0003D26C /* CartBuilder.swift */; };
		60DEB90F28CCF4990003D26C /* OnBoardVC.swift in Sources */ = {isa = PBXBuildFile; fileRef = 60DEB90E28CCF4990003D26C /* OnBoardVC.swift */; };
		60DEB91128CCF4BF0003D26C /* OnBoardBuilder.swift in Sources */ = {isa = PBXBuildFile; fileRef = 60DEB91028CCF4BF0003D26C /* OnBoardBuilder.swift */; };
		60DEB91328CCF50A0003D26C /* OnBoardPresenter.swift in Sources */ = {isa = PBXBuildFile; fileRef = 60DEB91228CCF50A0003D26C /* OnBoardPresenter.swift */; };
		60DEB91528CCF5A50003D26C /* OnBoardRouter.swift in Sources */ = {isa = PBXBuildFile; fileRef = 60DEB91428CCF5A50003D26C /* OnBoardRouter.swift */; };
		60F5534B28CCEF3B0048D7C6 /* AppDelegate.swift in Sources */ = {isa = PBXBuildFile; fileRef = 60F5534A28CCEF3B0048D7C6 /* AppDelegate.swift */; };
		60F5534D28CCEF3B0048D7C6 /* SceneDelegate.swift in Sources */ = {isa = PBXBuildFile; fileRef = 60F5534C28CCEF3B0048D7C6 /* SceneDelegate.swift */; };
		60F5534F28CCEF3B0048D7C6 /* HomeVC.swift in Sources */ = {isa = PBXBuildFile; fileRef = 60F5534E28CCEF3B0048D7C6 /* HomeVC.swift */; };
		60F5535428CCEF3C0048D7C6 /* Assets.xcassets in Resources */ = {isa = PBXBuildFile; fileRef = 60F5535328CCEF3C0048D7C6 /* Assets.xcassets */; };
/* End PBXBuildFile section */

/* Begin PBXFileReference section */
		487EF84871523F4470262528 /* Pods_Lalafo.framework */ = {isa = PBXFileReference; explicitFileType = wrapper.framework; includeInIndex = 0; path = Pods_Lalafo.framework; sourceTree = BUILT_PRODUCTS_DIR; };
		5A761EBA5A6E619118866EDB /* Pods-Lalafo.release.xcconfig */ = {isa = PBXFileReference; includeInIndex = 1; lastKnownFileType = text.xcconfig; name = "Pods-Lalafo.release.xcconfig"; path = "Target Support Files/Pods-Lalafo/Pods-Lalafo.release.xcconfig"; sourceTree = "<group>"; };
		601495E128CD9F180060A73C /* Extension.swift */ = {isa = PBXFileReference; lastKnownFileType = sourcecode.swift; path = Extension.swift; sourceTree = "<group>"; };
		601495E428CF23EC0060A73C /* CategoryCell.swift */ = {isa = PBXFileReference; lastKnownFileType = sourcecode.swift; path = CategoryCell.swift; sourceTree = "<group>"; };
		601495E728CF31F80060A73C /* ProductCell.swift */ = {isa = PBXFileReference; lastKnownFileType = sourcecode.swift; path = ProductCell.swift; sourceTree = "<group>"; };
		60DEB8F328CCF1260003D26C /* HomePresenter.swift */ = {isa = PBXFileReference; lastKnownFileType = sourcecode.swift; path = HomePresenter.swift; sourceTree = "<group>"; };
		60DEB8F528CCF1330003D26C /* HomeRouter.swift */ = {isa = PBXFileReference; lastKnownFileType = sourcecode.swift; path = HomeRouter.swift; sourceTree = "<group>"; };
		60DEB8F728CCF1580003D26C /* HomeBuilder.swift */ = {isa = PBXFileReference; lastKnownFileType = sourcecode.swift; path = HomeBuilder.swift; sourceTree = "<group>"; };
		60DEB8FA28CCF29C0003D26C /* DetailVC.swift */ = {isa = PBXFileReference; lastKnownFileType = sourcecode.swift; path = DetailVC.swift; sourceTree = "<group>"; };
		60DEB8FC28CCF2CC0003D26C /* DetailPresenter.swift */ = {isa = PBXFileReference; lastKnownFileType = sourcecode.swift; path = DetailPresenter.swift; sourceTree = "<group>"; };
		60DEB8FE28CCF2D20003D26C /* DetailBuilder.swift */ = {isa = PBXFileReference; lastKnownFileType = sourcecode.swift; path = DetailBuilder.swift; sourceTree = "<group>"; };
		60DEB90028CCF2DA0003D26C /* DetailRouter.swift */ = {isa = PBXFileReference; lastKnownFileType = sourcecode.swift; path = DetailRouter.swift; sourceTree = "<group>"; };
		60DEB90328CCF3A90003D26C /* CartVC.swift */ = {isa = PBXFileReference; lastKnownFileType = sourcecode.swift; path = CartVC.swift; sourceTree = "<group>"; };
		60DEB90528CCF3E50003D26C /* CartPresenter.swift */ = {isa = PBXFileReference; lastKnownFileType = sourcecode.swift; path = CartPresenter.swift; sourceTree = "<group>"; };
		60DEB90728CCF41D0003D26C /* CartRouter.swift */ = {isa = PBXFileReference; lastKnownFileType = sourcecode.swift; path = CartRouter.swift; sourceTree = "<group>"; };
		60DEB90B28CCF43F0003D26C /* CartBuilder.swift */ = {isa = PBXFileReference; lastKnownFileType = sourcecode.swift; path = CartBuilder.swift; sourceTree = "<group>"; };
		60DEB90E28CCF4990003D26C /* OnBoardVC.swift */ = {isa = PBXFileReference; lastKnownFileType = sourcecode.swift; path = OnBoardVC.swift; sourceTree = "<group>"; };
		60DEB91028CCF4BF0003D26C /* OnBoardBuilder.swift */ = {isa = PBXFileReference; lastKnownFileType = sourcecode.swift; path = OnBoardBuilder.swift; sourceTree = "<group>"; };
		60DEB91228CCF50A0003D26C /* OnBoardPresenter.swift */ = {isa = PBXFileReference; lastKnownFileType = sourcecode.swift; path = OnBoardPresenter.swift; sourceTree = "<group>"; };
		60DEB91428CCF5A50003D26C /* OnBoardRouter.swift */ = {isa = PBXFileReference; lastKnownFileType = sourcecode.swift; path = OnBoardRouter.swift; sourceTree = "<group>"; };
		60F5534728CCEF3B0048D7C6 /* Lalafo.app */ = {isa = PBXFileReference; explicitFileType = wrapper.application; includeInIndex = 0; path = Lalafo.app; sourceTree = BUILT_PRODUCTS_DIR; };
		60F5534A28CCEF3B0048D7C6 /* AppDelegate.swift */ = {isa = PBXFileReference; lastKnownFileType = sourcecode.swift; path = AppDelegate.swift; sourceTree = "<group>"; };
		60F5534C28CCEF3B0048D7C6 /* SceneDelegate.swift */ = {isa = PBXFileReference; lastKnownFileType = sourcecode.swift; path = SceneDelegate.swift; sourceTree = "<group>"; };
		60F5534E28CCEF3B0048D7C6 /* HomeVC.swift */ = {isa = PBXFileReference; lastKnownFileType = sourcecode.swift; path = HomeVC.swift; sourceTree = "<group>"; };
		60F5535328CCEF3C0048D7C6 /* Assets.xcassets */ = {isa = PBXFileReference; lastKnownFileType = folder.assetcatalog; path = Assets.xcassets; sourceTree = "<group>"; };
		60F5535828CCEF3C0048D7C6 /* Info.plist */ = {isa = PBXFileReference; lastKnownFileType = text.plist.xml; path = Info.plist; sourceTree = "<group>"; };
		A47D84DD2414B3474E4BF5D7 /* Pods-Lalafo.debug.xcconfig */ = {isa = PBXFileReference; includeInIndex = 1; lastKnownFileType = text.xcconfig; name = "Pods-Lalafo.debug.xcconfig"; path = "Target Support Files/Pods-Lalafo/Pods-Lalafo.debug.xcconfig"; sourceTree = "<group>"; };
/* End PBXFileReference section */

/* Begin PBXFrameworksBuildPhase section */
		60F5534428CCEF3B0048D7C6 /* Frameworks */ = {
			isa = PBXFrameworksBuildPhase;
			buildActionMask = 2147483647;
			files = (
				1A2A4355D5F22F64AA5B6508 /* Pods_Lalafo.framework in Frameworks */,
			);
			runOnlyForDeploymentPostprocessing = 0;
		};
/* End PBXFrameworksBuildPhase section */

/* Begin PBXGroup section */
		3FEAEE0CE9C07694221A6AFF /* Frameworks */ = {
			isa = PBXGroup;
			children = (
				487EF84871523F4470262528 /* Pods_Lalafo.framework */,
			);
			name = Frameworks;
			sourceTree = "<group>";
		};
		57B7B21CC9D88906774A83C0 /* Pods */ = {
			isa = PBXGroup;
			children = (
				A47D84DD2414B3474E4BF5D7 /* Pods-Lalafo.debug.xcconfig */,
				5A761EBA5A6E619118866EDB /* Pods-Lalafo.release.xcconfig */,
			);
			path = Pods;
			sourceTree = "<group>";
		};
		601495E028CD9F000060A73C /* Extension */ = {
			isa = PBXGroup;
			children = (
				601495E128CD9F180060A73C /* Extension.swift */,
			);
			path = Extension;
			sourceTree = "<group>";
		};
		601495E328CF23DC0060A73C /* CategoryColleciton */ = {
			isa = PBXGroup;
			children = (
				601495E428CF23EC0060A73C /* CategoryCell.swift */,
			);
			path = CategoryColleciton;
			sourceTree = "<group>";
		};
		601495E628CF31EB0060A73C /* ProductCollection */ = {
			isa = PBXGroup;
			children = (
				601495E728CF31F80060A73C /* ProductCell.swift */,
			);
			path = ProductCollection;
			sourceTree = "<group>";
		};
		60DEB8F128CCF08D0003D26C /* Modules */ = {
			isa = PBXGroup;
			children = (
				60DEB90D28CCF48C0003D26C /* OnBoard */,
				60DEB90228CCF39C0003D26C /* CartVC */,
				60DEB8F928CCF28F0003D26C /* DetailVC */,
				60DEB8F228CCF0940003D26C /* HomeVC */,
			);
			path = Modules;
			sourceTree = "<group>";
		};
		60DEB8F228CCF0940003D26C /* HomeVC */ = {
			isa = PBXGroup;
			children = (
				601495E628CF31EB0060A73C /* ProductCollection */,
				601495E328CF23DC0060A73C /* CategoryColleciton */,
				60F5534E28CCEF3B0048D7C6 /* HomeVC.swift */,
				60DEB8F328CCF1260003D26C /* HomePresenter.swift */,
				60DEB8F528CCF1330003D26C /* HomeRouter.swift */,
				60DEB8F728CCF1580003D26C /* HomeBuilder.swift */,
			);
			path = HomeVC;
			sourceTree = "<group>";
		};
		60DEB8F928CCF28F0003D26C /* DetailVC */ = {
			isa = PBXGroup;
			children = (
				60DEB8FA28CCF29C0003D26C /* DetailVC.swift */,
				60DEB8FC28CCF2CC0003D26C /* DetailPresenter.swift */,
				60DEB8FE28CCF2D20003D26C /* DetailBuilder.swift */,
				60DEB90028CCF2DA0003D26C /* DetailRouter.swift */,
			);
			path = DetailVC;
			sourceTree = "<group>";
		};
		60DEB90228CCF39C0003D26C /* CartVC */ = {
			isa = PBXGroup;
			children = (
				60DEB90328CCF3A90003D26C /* CartVC.swift */,
				60DEB90528CCF3E50003D26C /* CartPresenter.swift */,
				60DEB90728CCF41D0003D26C /* CartRouter.swift */,
				60DEB90B28CCF43F0003D26C /* CartBuilder.swift */,
			);
			path = CartVC;
			sourceTree = "<group>";
		};
		60DEB90D28CCF48C0003D26C /* OnBoard */ = {
			isa = PBXGroup;
			children = (
				60DEB90E28CCF4990003D26C /* OnBoardVC.swift */,
				60DEB91028CCF4BF0003D26C /* OnBoardBuilder.swift */,
				60DEB91228CCF50A0003D26C /* OnBoardPresenter.swift */,
				60DEB91428CCF5A50003D26C /* OnBoardRouter.swift */,
			);
			path = OnBoard;
			sourceTree = "<group>";
		};
		60DEB91628CCF5B60003D26C /* Network */ = {
			isa = PBXGroup;
			children = (
			);
			path = Network;
			sourceTree = "<group>";
		};
		60F5533E28CCEF3B0048D7C6 = {
			isa = PBXGroup;
			children = (
				60F5534928CCEF3B0048D7C6 /* Lalafo */,
				60F5534828CCEF3B0048D7C6 /* Products */,
				57B7B21CC9D88906774A83C0 /* Pods */,
				3FEAEE0CE9C07694221A6AFF /* Frameworks */,
			);
			sourceTree = "<group>";
		};
		60F5534828CCEF3B0048D7C6 /* Products */ = {
			isa = PBXGroup;
			children = (
				60F5534728CCEF3B0048D7C6 /* Lalafo.app */,
			);
			name = Products;
			sourceTree = "<group>";
		};
		60F5534928CCEF3B0048D7C6 /* Lalafo */ = {
			isa = PBXGroup;
			children = (
				601495E028CD9F000060A73C /* Extension */,
				60DEB91628CCF5B60003D26C /* Network */,
				60DEB8F128CCF08D0003D26C /* Modules */,
				60F5534A28CCEF3B0048D7C6 /* AppDelegate.swift */,
				60F5534C28CCEF3B0048D7C6 /* SceneDelegate.swift */,
				60F5535328CCEF3C0048D7C6 /* Assets.xcassets */,
				60F5535828CCEF3C0048D7C6 /* Info.plist */,
			);
			path = Lalafo;
			sourceTree = "<group>";
		};
/* End PBXGroup section */

/* Begin PBXNativeTarget section */
		60F5534628CCEF3B0048D7C6 /* Lalafo */ = {
			isa = PBXNativeTarget;
			buildConfigurationList = 60F5535B28CCEF3C0048D7C6 /* Build configuration list for PBXNativeTarget "Lalafo" */;
			buildPhases = (
				7CD3D70ADF82EAEE03382B60 /* [CP] Check Pods Manifest.lock */,
				60F5534328CCEF3B0048D7C6 /* Sources */,
				60F5534428CCEF3B0048D7C6 /* Frameworks */,
				60F5534528CCEF3B0048D7C6 /* Resources */,
				30E871E7F2C0FE8172E2E4C9 /* [CP] Embed Pods Frameworks */,
			);
			buildRules = (
			);
			dependencies = (
			);
			name = Lalafo;
			productName = Lalafo;
			productReference = 60F5534728CCEF3B0048D7C6 /* Lalafo.app */;
			productType = "com.apple.product-type.application";
		};
/* End PBXNativeTarget section */

/* Begin PBXProject section */
		60F5533F28CCEF3B0048D7C6 /* Project object */ = {
			isa = PBXProject;
			attributes = {
				BuildIndependentTargetsInParallel = 1;
				LastSwiftUpdateCheck = 1320;
				LastUpgradeCheck = 1320;
				TargetAttributes = {
					60F5534628CCEF3B0048D7C6 = {
						CreatedOnToolsVersion = 13.2.1;
					};
				};
			};
			buildConfigurationList = 60F5534228CCEF3B0048D7C6 /* Build configuration list for PBXProject "Lalafo" */;
			compatibilityVersion = "Xcode 13.0";
			developmentRegion = en;
			hasScannedForEncodings = 0;
			knownRegions = (
				en,
				Base,
			);
			mainGroup = 60F5533E28CCEF3B0048D7C6;
			productRefGroup = 60F5534828CCEF3B0048D7C6 /* Products */;
			projectDirPath = "";
			projectRoot = "";
			targets = (
				60F5534628CCEF3B0048D7C6 /* Lalafo */,
			);
		};
/* End PBXProject section */

/* Begin PBXResourcesBuildPhase section */
		60F5534528CCEF3B0048D7C6 /* Resources */ = {
			isa = PBXResourcesBuildPhase;
			buildActionMask = 2147483647;
			files = (
				60F5535428CCEF3C0048D7C6 /* Assets.xcassets in Resources */,
			);
			runOnlyForDeploymentPostprocessing = 0;
		};
/* End PBXResourcesBuildPhase section */

/* Begin PBXShellScriptBuildPhase section */
		30E871E7F2C0FE8172E2E4C9 /* [CP] Embed Pods Frameworks */ = {
			isa = PBXShellScriptBuildPhase;
			buildActionMask = 2147483647;
			files = (
			);
			inputFileListPaths = (
				"${PODS_ROOT}/Target Support Files/Pods-Lalafo/Pods-Lalafo-frameworks-${CONFIGURATION}-input-files.xcfilelist",
			);
			name = "[CP] Embed Pods Frameworks";
			outputFileListPaths = (
				"${PODS_ROOT}/Target Support Files/Pods-Lalafo/Pods-Lalafo-frameworks-${CONFIGURATION}-output-files.xcfilelist",
			);
			runOnlyForDeploymentPostprocessing = 0;
			shellPath = /bin/sh;
			shellScript = "\"${PODS_ROOT}/Target Support Files/Pods-Lalafo/Pods-Lalafo-frameworks.sh\"\n";
			showEnvVarsInLog = 0;
		};
		7CD3D70ADF82EAEE03382B60 /* [CP] Check Pods Manifest.lock */ = {
			isa = PBXShellScriptBuildPhase;
			buildActionMask = 2147483647;
			files = (
			);
			inputFileListPaths = (
			);
			inputPaths = (
				"${PODS_PODFILE_DIR_PATH}/Podfile.lock",
				"${PODS_ROOT}/Manifest.lock",
			);
			name = "[CP] Check Pods Manifest.lock";
			outputFileListPaths = (
			);
			outputPaths = (
				"$(DERIVED_FILE_DIR)/Pods-Lalafo-checkManifestLockResult.txt",
			);
			runOnlyForDeploymentPostprocessing = 0;
			shellPath = /bin/sh;
			shellScript = "diff \"${PODS_PODFILE_DIR_PATH}/Podfile.lock\" \"${PODS_ROOT}/Manifest.lock\" > /dev/null\nif [ $? != 0 ] ; then\n    # print error to STDERR\n    echo \"error: The sandbox is not in sync with the Podfile.lock. Run 'pod install' or update your CocoaPods installation.\" >&2\n    exit 1\nfi\n# This output is used by Xcode 'outputs' to avoid re-running this script phase.\necho \"SUCCESS\" > \"${SCRIPT_OUTPUT_FILE_0}\"\n";
			showEnvVarsInLog = 0;
		};
/* End PBXShellScriptBuildPhase section */

/* Begin PBXSourcesBuildPhase section */
		60F5534328CCEF3B0048D7C6 /* Sources */ = {
			isa = PBXSourcesBuildPhase;
			buildActionMask = 2147483647;
			files = (
				60DEB8F828CCF1580003D26C /* HomeBuilder.swift in Sources */,
				60DEB90428CCF3A90003D26C /* CartVC.swift in Sources */,
				60F5534F28CCEF3B0048D7C6 /* HomeVC.swift in Sources */,
				60DEB90C28CCF43F0003D26C /* CartBuilder.swift in Sources */,
				60F5534B28CCEF3B0048D7C6 /* AppDelegate.swift in Sources */,
				60DEB8FD28CCF2CC0003D26C /* DetailPresenter.swift in Sources */,
				60DEB90F28CCF4990003D26C /* OnBoardVC.swift in Sources */,
				60DEB91328CCF50A0003D26C /* OnBoardPresenter.swift in Sources */,
				60DEB91528CCF5A50003D26C /* OnBoardRouter.swift in Sources */,
				60DEB8F428CCF1260003D26C /* HomePresenter.swift in Sources */,
				60DEB90128CCF2DA0003D26C /* DetailRouter.swift in Sources */,
				60DEB8FF28CCF2D30003D26C /* DetailBuilder.swift in Sources */,
				601495E828CF31F80060A73C /* ProductCell.swift in Sources */,
				60DEB90628CCF3E50003D26C /* CartPresenter.swift in Sources */,
				601495E228CD9F180060A73C /* Extension.swift in Sources */,
				60DEB91128CCF4BF0003D26C /* OnBoardBuilder.swift in Sources */,
				60DEB90828CCF41D0003D26C /* CartRouter.swift in Sources */,
				60F5534D28CCEF3B0048D7C6 /* SceneDelegate.swift in Sources */,
				60DEB8F628CCF1330003D26C /* HomeRouter.swift in Sources */,
				60DEB8FB28CCF29C0003D26C /* DetailVC.swift in Sources */,
				601495E528CF23EC0060A73C /* CategoryCell.swift in Sources */,
			);
			runOnlyForDeploymentPostprocessing = 0;
		};
/* End PBXSourcesBuildPhase section */

/* Begin XCBuildConfiguration section */
		60F5535928CCEF3C0048D7C6 /* Debug */ = {
			isa = XCBuildConfiguration;
			buildSettings = {
				ALWAYS_SEARCH_USER_PATHS = NO;
				CLANG_ANALYZER_NONNULL = YES;
				CLANG_ANALYZER_NUMBER_OBJECT_CONVERSION = YES_AGGRESSIVE;
				CLANG_CXX_LANGUAGE_STANDARD = "gnu++17";
				CLANG_CXX_LIBRARY = "libc++";
				CLANG_ENABLE_MODULES = YES;
				CLANG_ENABLE_OBJC_ARC = YES;
				CLANG_ENABLE_OBJC_WEAK = YES;
				CLANG_WARN_BLOCK_CAPTURE_AUTORELEASING = YES;
				CLANG_WARN_BOOL_CONVERSION = YES;
				CLANG_WARN_COMMA = YES;
				CLANG_WARN_CONSTANT_CONVERSION = YES;
				CLANG_WARN_DEPRECATED_OBJC_IMPLEMENTATIONS = YES;
				CLANG_WARN_DIRECT_OBJC_ISA_USAGE = YES_ERROR;
				CLANG_WARN_DOCUMENTATION_COMMENTS = YES;
				CLANG_WARN_EMPTY_BODY = YES;
				CLANG_WARN_ENUM_CONVERSION = YES;
				CLANG_WARN_INFINITE_RECURSION = YES;
				CLANG_WARN_INT_CONVERSION = YES;
				CLANG_WARN_NON_LITERAL_NULL_CONVERSION = YES;
				CLANG_WARN_OBJC_IMPLICIT_RETAIN_SELF = YES;
				CLANG_WARN_OBJC_LITERAL_CONVERSION = YES;
				CLANG_WARN_OBJC_ROOT_CLASS = YES_ERROR;
				CLANG_WARN_QUOTED_INCLUDE_IN_FRAMEWORK_HEADER = YES;
				CLANG_WARN_RANGE_LOOP_ANALYSIS = YES;
				CLANG_WARN_STRICT_PROTOTYPES = YES;
				CLANG_WARN_SUSPICIOUS_MOVE = YES;
				CLANG_WARN_UNGUARDED_AVAILABILITY = YES_AGGRESSIVE;
				CLANG_WARN_UNREACHABLE_CODE = YES;
				CLANG_WARN__DUPLICATE_METHOD_MATCH = YES;
				COPY_PHASE_STRIP = NO;
				DEBUG_INFORMATION_FORMAT = dwarf;
				ENABLE_STRICT_OBJC_MSGSEND = YES;
				ENABLE_TESTABILITY = YES;
				GCC_C_LANGUAGE_STANDARD = gnu11;
				GCC_DYNAMIC_NO_PIC = NO;
				GCC_NO_COMMON_BLOCKS = YES;
				GCC_OPTIMIZATION_LEVEL = 0;
				GCC_PREPROCESSOR_DEFINITIONS = (
					"DEBUG=1",
					"$(inherited)",
				);
				GCC_WARN_64_TO_32_BIT_CONVERSION = YES;
				GCC_WARN_ABOUT_RETURN_TYPE = YES_ERROR;
				GCC_WARN_UNDECLARED_SELECTOR = YES;
				GCC_WARN_UNINITIALIZED_AUTOS = YES_AGGRESSIVE;
				GCC_WARN_UNUSED_FUNCTION = YES;
				GCC_WARN_UNUSED_VARIABLE = YES;
				IPHONEOS_DEPLOYMENT_TARGET = 15.2;
				MTL_ENABLE_DEBUG_INFO = INCLUDE_SOURCE;
				MTL_FAST_MATH = YES;
				ONLY_ACTIVE_ARCH = YES;
				SDKROOT = iphoneos;
				SWIFT_ACTIVE_COMPILATION_CONDITIONS = DEBUG;
				SWIFT_OPTIMIZATION_LEVEL = "-Onone";
			};
			name = Debug;
		};
		60F5535A28CCEF3C0048D7C6 /* Release */ = {
			isa = XCBuildConfiguration;
			buildSettings = {
				ALWAYS_SEARCH_USER_PATHS = NO;
				CLANG_ANALYZER_NONNULL = YES;
				CLANG_ANALYZER_NUMBER_OBJECT_CONVERSION = YES_AGGRESSIVE;
				CLANG_CXX_LANGUAGE_STANDARD = "gnu++17";
				CLANG_CXX_LIBRARY = "libc++";
				CLANG_ENABLE_MODULES = YES;
				CLANG_ENABLE_OBJC_ARC = YES;
				CLANG_ENABLE_OBJC_WEAK = YES;
				CLANG_WARN_BLOCK_CAPTURE_AUTORELEASING = YES;
				CLANG_WARN_BOOL_CONVERSION = YES;
				CLANG_WARN_COMMA = YES;
				CLANG_WARN_CONSTANT_CONVERSION = YES;
				CLANG_WARN_DEPRECATED_OBJC_IMPLEMENTATIONS = YES;
				CLANG_WARN_DIRECT_OBJC_ISA_USAGE = YES_ERROR;
				CLANG_WARN_DOCUMENTATION_COMMENTS = YES;
				CLANG_WARN_EMPTY_BODY = YES;
				CLANG_WARN_ENUM_CONVERSION = YES;
				CLANG_WARN_INFINITE_RECURSION = YES;
				CLANG_WARN_INT_CONVERSION = YES;
				CLANG_WARN_NON_LITERAL_NULL_CONVERSION = YES;
				CLANG_WARN_OBJC_IMPLICIT_RETAIN_SELF = YES;
				CLANG_WARN_OBJC_LITERAL_CONVERSION = YES;
				CLANG_WARN_OBJC_ROOT_CLASS = YES_ERROR;
				CLANG_WARN_QUOTED_INCLUDE_IN_FRAMEWORK_HEADER = YES;
				CLANG_WARN_RANGE_LOOP_ANALYSIS = YES;
				CLANG_WARN_STRICT_PROTOTYPES = YES;
				CLANG_WARN_SUSPICIOUS_MOVE = YES;
				CLANG_WARN_UNGUARDED_AVAILABILITY = YES_AGGRESSIVE;
				CLANG_WARN_UNREACHABLE_CODE = YES;
				CLANG_WARN__DUPLICATE_METHOD_MATCH = YES;
				COPY_PHASE_STRIP = NO;
				DEBUG_INFORMATION_FORMAT = "dwarf-with-dsym";
				ENABLE_NS_ASSERTIONS = NO;
				ENABLE_STRICT_OBJC_MSGSEND = YES;
				GCC_C_LANGUAGE_STANDARD = gnu11;
				GCC_NO_COMMON_BLOCKS = YES;
				GCC_WARN_64_TO_32_BIT_CONVERSION = YES;
				GCC_WARN_ABOUT_RETURN_TYPE = YES_ERROR;
				GCC_WARN_UNDECLARED_SELECTOR = YES;
				GCC_WARN_UNINITIALIZED_AUTOS = YES_AGGRESSIVE;
				GCC_WARN_UNUSED_FUNCTION = YES;
				GCC_WARN_UNUSED_VARIABLE = YES;
				IPHONEOS_DEPLOYMENT_TARGET = 15.2;
				MTL_ENABLE_DEBUG_INFO = NO;
				MTL_FAST_MATH = YES;
				SDKROOT = iphoneos;
				SWIFT_COMPILATION_MODE = wholemodule;
				SWIFT_OPTIMIZATION_LEVEL = "-O";
				VALIDATE_PRODUCT = YES;
			};
			name = Release;
		};
		60F5535C28CCEF3C0048D7C6 /* Debug */ = {
			isa = XCBuildConfiguration;
			baseConfigurationReference = A47D84DD2414B3474E4BF5D7 /* Pods-Lalafo.debug.xcconfig */;
			buildSettings = {
				ASSETCATALOG_COMPILER_APPICON_NAME = AppIcon;
				ASSETCATALOG_COMPILER_GLOBAL_ACCENT_COLOR_NAME = AccentColor;
				CODE_SIGN_STYLE = Automatic;
				CURRENT_PROJECT_VERSION = 1;
				DEVELOPMENT_TEAM = K8M5FXDJPU;
				GENERATE_INFOPLIST_FILE = YES;
				INFOPLIST_FILE = Lalafo/Info.plist;
				INFOPLIST_KEY_UIApplicationSupportsIndirectInputEvents = YES;
				INFOPLIST_KEY_UILaunchStoryboardName = LaunchScreen;
				INFOPLIST_KEY_UISupportedInterfaceOrientations_iPad = "UIInterfaceOrientationPortrait UIInterfaceOrientationPortraitUpsideDown UIInterfaceOrientationLandscapeLeft UIInterfaceOrientationLandscapeRight";
				INFOPLIST_KEY_UISupportedInterfaceOrientations_iPhone = "UIInterfaceOrientationPortrait UIInterfaceOrientationLandscapeLeft UIInterfaceOrientationLandscapeRight";
				LD_RUNPATH_SEARCH_PATHS = (
					"$(inherited)",
					"@executable_path/Frameworks",
				);
				MARKETING_VERSION = 1.0;
				PRODUCT_BUNDLE_IDENTIFIER = com.shifu.Lalafo;
				PRODUCT_NAME = "$(TARGET_NAME)";
				SWIFT_EMIT_LOC_STRINGS = YES;
				SWIFT_VERSION = 5.0;
				TARGETED_DEVICE_FAMILY = "1,2";
			};
			name = Debug;
		};
		60F5535D28CCEF3C0048D7C6 /* Release */ = {
			isa = XCBuildConfiguration;
			baseConfigurationReference = 5A761EBA5A6E619118866EDB /* Pods-Lalafo.release.xcconfig */;
			buildSettings = {
				ASSETCATALOG_COMPILER_APPICON_NAME = AppIcon;
				ASSETCATALOG_COMPILER_GLOBAL_ACCENT_COLOR_NAME = AccentColor;
				CODE_SIGN_STYLE = Automatic;
				CURRENT_PROJECT_VERSION = 1;
				DEVELOPMENT_TEAM = K8M5FXDJPU;
				GENERATE_INFOPLIST_FILE = YES;
				INFOPLIST_FILE = Lalafo/Info.plist;
				INFOPLIST_KEY_UIApplicationSupportsIndirectInputEvents = YES;
				INFOPLIST_KEY_UILaunchStoryboardName = LaunchScreen;
				INFOPLIST_KEY_UISupportedInterfaceOrientations_iPad = "UIInterfaceOrientationPortrait UIInterfaceOrientationPortraitUpsideDown UIInterfaceOrientationLandscapeLeft UIInterfaceOrientationLandscapeRight";
				INFOPLIST_KEY_UISupportedInterfaceOrientations_iPhone = "UIInterfaceOrientationPortrait UIInterfaceOrientationLandscapeLeft UIInterfaceOrientationLandscapeRight";
				LD_RUNPATH_SEARCH_PATHS = (
					"$(inherited)",
					"@executable_path/Frameworks",
				);
				MARKETING_VERSION = 1.0;
				PRODUCT_BUNDLE_IDENTIFIER = com.shifu.Lalafo;
				PRODUCT_NAME = "$(TARGET_NAME)";
				SWIFT_EMIT_LOC_STRINGS = YES;
				SWIFT_VERSION = 5.0;
				TARGETED_DEVICE_FAMILY = "1,2";
			};
			name = Release;
		};
/* End XCBuildConfiguration section */

/* Begin XCConfigurationList section */
		60F5534228CCEF3B0048D7C6 /* Build configuration list for PBXProject "Lalafo" */ = {
			isa = XCConfigurationList;
			buildConfigurations = (
				60F5535928CCEF3C0048D7C6 /* Debug */,
				60F5535A28CCEF3C0048D7C6 /* Release */,
			);
			defaultConfigurationIsVisible = 0;
			defaultConfigurationName = Release;
		};
		60F5535B28CCEF3C0048D7C6 /* Build configuration list for PBXNativeTarget "Lalafo" */ = {
			isa = XCConfigurationList;
			buildConfigurations = (
				60F5535C28CCEF3C0048D7C6 /* Debug */,
				60F5535D28CCEF3C0048D7C6 /* Release */,
			);
			defaultConfigurationIsVisible = 0;
			defaultConfigurationName = Release;
		};
/* End XCConfigurationList section */
	};
	rootObject = 60F5533F28CCEF3B0048D7C6 /* Project object */;
}
